{
  "name": "synergy-testbeta",
  "lockfileVersion": 3,
  "requires": true,
  "packages": {
    "": {
      "dependencies": {
        "@synergy-network/aegis-pqvm": "^1.2.1",
        "aegis-pqvm": "^1.2.1"
      }
    },
    "node_modules/@synergy-network/aegis-pqvm": {
      "version": "1.2.1",
      "resolved": "https://registry.npmjs.org/@synergy-network/aegis-pqvm/-/aegis-pqvm-1.2.1.tgz",
      "integrity": "sha512-gxac1s5R6BaR1GyjDlAepCZClooFVxX+cdustkrAfODCPlN8al8WPC4enrOyxZyc5sPAT4Nzbw/Ov5gJVyGATw==",
      "license": "MIT",
      "engines": {
        "node": ">=16.0.0"
      }
    },
    "node_modules/aegis-pqvm": {
      "version": "1.2.1",
      "resolved": "https://registry.npmjs.org/aegis-pqvm/-/aegis-pqvm-1.2.1.tgz",
      "integrity": "sha512-Go5uICUexb1gKS2z2Z8LKyTY7Iq8nxh2BJjdsy6/saCaQe8o53O9uAVyC2ZfWREb0h7afoHySdl+W+SZY71msw==",
      "license": "MIT",
      "engines": {
        "node": ">=16.0.0"
      }
    }
  }
}
